hash: 25357a69bc3d809b83caa889a2a4e317878e1f4ac41157d5dbd0af3cf2be5c96
updated: 2016-08-05T08:30:54.666110314+03:00
imports:
- name: github.com/bsm/redeo
  version: 6037590e89643cc05f82449bebbb49ad1f6c966a
  subpackages:
  - info
- name: github.com/Workiva/go-datastructures
  version: 6f39ffc29b39f802edbe9a0a608c996d4c177438
  subpackages:
  - trie/ctrie
testImports: []
